
Microsoft Visual Studio Solution File, Format Version 12.00
# Visual Studio 15
Project("{FAE04EC0-301F-11D3-BF4B-00C04F79EFBC}") = "iTimMobile.Android", "iTimMobile.Android\iTimMobile.Android.csproj", "{C28D5CED-D089-4FC8-A481-CA1D2D9628DE}"
EndProject
Project("{FAE04EC0-301F-11D3-BF4B-00C04F79EFBC}") = "iTimMobile.iOS", "iTimMobile.iOS\iTimMobile.iOS.csproj", "{37B72CF9-59AF-4C4E-B1AE-FEBC7FCA8A00}"
EndProject
Project("{FAE04EC0-301F-11D3-BF4B-00C04F79EFBC}") = "iTimMobile", "iTimMobile\iTimMobile.csproj", "{C4A4AB7C-0696-4BED-B92D-EEC923160C30}"
EndProject
Global
	GlobalSection(SolutionConfigurationPlatforms) = preSolution
		Debug|Any CPU = Debug|Any CPU
		Release|Any CPU = Release|Any CPU
		Debug|iPhoneSimulator = Debug|iPhoneSimulator
		Release|iPhoneSimulator = Release|iPhoneSimulator
		Debug|iPhone = Debug|iPhone
		Release|iPhone = Release|iPhone
	EndGlobalSection
	GlobalSection(ProjectConfigurationPlatforms) = postSolution
		{C28D5CED-D089-4FC8-A481-CA1D2D9628DE}.Debug|Any CPU.ActiveCfg = Debug|Any CPU
		{C28D5CED-D089-4FC8-A481-CA1D2D9628DE}.Debug|Any CPU.Build.0 = Debug|Any CPU
		{C28D5CED-D089-4FC8-A481-CA1D2D9628DE}.Release|Any CPU.ActiveCfg = Release|Any CPU
		{C28D5CED-D089-4FC8-A481-CA1D2D9628DE}.Release|Any CPU.Build.0 = Release|Any CPU
		{C28D5CED-D089-4FC8-A481-CA1D2D9628DE}.Debug|iPhoneSimulator.ActiveCfg = Debug|Any CPU
		{C28D5CED-D089-4FC8-A481-CA1D2D9628DE}.Debug|iPhoneSimulator.Build.0 = Debug|Any CPU
		{C28D5CED-D089-4FC8-A481-CA1D2D9628DE}.Release|iPhoneSimulator.ActiveCfg = Release|Any CPU
		{C28D5CED-D089-4FC8-A481-CA1D2D9628DE}.Release|iPhoneSimulator.Build.0 = Release|Any CPU
		{C28D5CED-D089-4FC8-A481-CA1D2D9628DE}.Debug|iPhone.ActiveCfg = Debug|Any CPU
		{C28D5CED-D089-4FC8-A481-CA1D2D9628DE}.Debug|iPhone.Build.0 = Debug|Any CPU
		{C28D5CED-D089-4FC8-A481-CA1D2D9628DE}.Release|iPhone.ActiveCfg = Release|Any CPU
		{C28D5CED-D089-4FC8-A481-CA1D2D9628DE}.Release|iPhone.Build.0 = Release|Any CPU
		{37B72CF9-59AF-4C4E-B1AE-FEBC7FCA8A00}.Debug|Any CPU.ActiveCfg = Debug|iPhoneSimulator
		{37B72CF9-59AF-4C4E-B1AE-FEBC7FCA8A00}.Debug|Any CPU.Build.0 = Debug|iPhoneSimulator
		{37B72CF9-59AF-4C4E-B1AE-FEBC7FCA8A00}.Release|Any CPU.ActiveCfg = Release|iPhoneSimulator
		{37B72CF9-59AF-4C4E-B1AE-FEBC7FCA8A00}.Release|Any CPU.Build.0 = Release|iPhoneSimulator
		{37B72CF9-59AF-4C4E-B1AE-FEBC7FCA8A00}.Debug|iPhoneSimulator.ActiveCfg = Debug|iPhoneSimulator
		{37B72CF9-59AF-4C4E-B1AE-FEBC7FCA8A00}.Debug|iPhoneSimulator.Build.0 = Debug|iPhoneSimulator
		{37B72CF9-59AF-4C4E-B1AE-FEBC7FCA8A00}.Release|iPhoneSimulator.ActiveCfg = Release|iPhoneSimulator
		{37B72CF9-59AF-4C4E-B1AE-FEBC7FCA8A00}.Release|iPhoneSimulator.Build.0 = Release|iPhoneSimulator
		{37B72CF9-59AF-4C4E-B1AE-FEBC7FCA8A00}.Debug|iPhone.ActiveCfg = Debug|iPhone
		{37B72CF9-59AF-4C4E-B1AE-FEBC7FCA8A00}.Debug|iPhone.Build.0 = Debug|iPhone
		{37B72CF9-59AF-4C4E-B1AE-FEBC7FCA8A00}.Release|iPhone.ActiveCfg = Release|iPhone
		{37B72CF9-59AF-4C4E-B1AE-FEBC7FCA8A00}.Release|iPhone.Build.0 = Release|iPhone
		{C4A4AB7C-0696-4BED-B92D-EEC923160C30}.Debug|Any CPU.ActiveCfg = Debug|Any CPU
		{C4A4AB7C-0696-4BED-B92D-EEC923160C30}.Debug|Any CPU.Build.0 = Debug|Any CPU
		{C4A4AB7C-0696-4BED-B92D-EEC923160C30}.Release|Any CPU.ActiveCfg = Release|Any CPU
		{C4A4AB7C-0696-4BED-B92D-EEC923160C30}.Release|Any CPU.Build.0 = Release|Any CPU
		{C4A4AB7C-0696-4BED-B92D-EEC923160C30}.Debug|iPhoneSimulator.ActiveCfg = Debug|Any CPU
		{C4A4AB7C-0696-4BED-B92D-EEC923160C30}.Debug|iPhoneSimulator.Build.0 = Debug|Any CPU
		{C4A4AB7C-0696-4BED-B92D-EEC923160C30}.Release|iPhoneSimulator.ActiveCfg = Release|Any CPU
		{C4A4AB7C-0696-4BED-B92D-EEC923160C30}.Release|iPhoneSimulator.Build.0 = Release|Any CPU
		{C4A4AB7C-0696-4BED-B92D-EEC923160C30}.Debug|iPhone.ActiveCfg = Debug|Any CPU
		{C4A4AB7C-0696-4BED-B92D-EEC923160C30}.Debug|iPhone.Build.0 = Debug|Any CPU
		{C4A4AB7C-0696-4BED-B92D-EEC923160C30}.Release|iPhone.ActiveCfg = Release|Any CPU
		{C4A4AB7C-0696-4BED-B92D-EEC923160C30}.Release|iPhone.Build.0 = Release|Any CPU
	EndGlobalSection
EndGlobal
